# This file is automatically @generated by Poetry 2.3.0 and should not be changed by hand.

[[package]]
name = "more-itertools"
version = "10.8.0"
description = "More routines for operating on iterables, beyond itertools"
optional = false
python-versions = ">=3.9"
groups = ["main"]
files = [
    {file = "more_itertools-10.8.0-py3-none-any.whl", hash = "sha256:52d4362373dcf7c52546bc4af9a86ee7c4579df9a8dc268be0a2f949d376cc9b"},
    {file = "more_itertools-10.8.0.tar.gz", hash = "sha256:f638ddf8a1a0d134181275fb5d58b086ead7c6a72429ad725c67503f13ba30bd"},
]

[metadata]
lock-version = "2.1"
python-versions = ">=3.13"
content-hash = "fb997b4f43d70c25b846b78d001d774437b389e328d6a9ae2ba403780f56c85d"
